
Microsoft Visual Studio Solution File, Format Version 12.00
# Visual Studio 14
VisualStudioVersion = 14.0.25420.1
MinimumVisualStudioVersion = 10.0.40219.1
Project("{FAE04EC0-301F-11D3-BF4B-00C04F79EFBC}") = "LineOfBattle", "LineOfBattle\LineOfBattle.csproj", "{A9B626D8-556B-4BE4-A8F9-4BB2A17F95DE}"
EndProject
Global
	GlobalSection(SolutionConfigurationPlatforms) = preSolution
		Debug|Any CPU = Debug|Any CPU
		Release|Any CPU = Release|Any CPU
	EndGlobalSection
	GlobalSection(ProjectConfigurationPlatforms) = postSolution
		{A9B626D8-556B-4BE4-A8F9-4BB2A17F95DE}.Debug|Any CPU.ActiveCfg = Debug|Any CPU
		{A9B626D8-556B-4BE4-A8F9-4BB2A17F95DE}.Debug|Any CPU.Build.0 = Debug|Any CPU
		{A9B626D8-556B-4BE4-A8F9-4BB2A17F95DE}.Release|Any CPU.ActiveCfg = Release|Any CPU
		{A9B626D8-556B-4BE4-A8F9-4BB2A17F95DE}.Release|Any CPU.Build.0 = Release|Any CPU
	EndGlobalSection
	GlobalSection(SolutionProperties) = preSolution
		HideSolutionNode = FALSE
	EndGlobalSection
EndGlobal
